github.com/auth0/go-jwt-middleware v0.0.0-20170425171159-5493cabe49f7 h1:irR1cO6eek3n5uquIVaRAsQmZnlsfPuHNz31cXo4eyk=
github.com/auth0/go-jwt-middleware v0.0.0-20170425171159-5493cabe49f7/go.mod h1:LWMyo4iOLWXHGdBki7NIht1kHru/0wM179h+d3g8ATM=
github.com/boyter/scc v1.11.0 h1:V9So41OFPCiobybjgt2LEaOsr5TujBlVsCzfpWLbT7c=
github.com/boyter/scc v1.11.0/go.mod h1:VB5w4e0dahmIiKnpZ7LRh/sjauoY0BmCWjIzZcShNY0=
github.com/cmckee-dev/go-alpha-vantage v0.0.0-20180308134341-93e1d00e7e7c h1:eaG/4l35bQjdTXXqeINP2QYUmnEHULTAa5xwoF637X4=
github.com/cmckee-dev/go-alpha-vantage v0.0.0-20180308134341-93e1d00e7e7c/go.mod h1:Cjzokt+SQPs9Y+pYDu95rr72Jkbehg9meeoYzBbf6Q0=
github.com/dgrijalva/jwt-go v3.2.0+incompatible h1:7qlOGliEKZXTDg6OTjfoBKDXWrumCAMpl/TFQ4/5kLM=
github.com/dgrijalva/jwt-go v3.2.0+incompatible/go.mod h1:E3ru+11k8xSBh+hMPgOLZmtrrCbhqsmaPHjLKYnJCaQ=
github.com/golang/protobuf v1.2.0 h1:P3YflyNX/ehuJFLhxviNdFxQPkGK5cDcApsge1SqnvM=
github.com/golang/protobuf v1.2.0/go.mod h1:6lQm79b+lXiMfvg/cZm0SGofjICqVBUtrP5yJMmIC1U=
github.com/gorilla/context v1.1.1 h1:AWwleXJkX/nhcU9bZSnZoi3h/qGYqQAGhq6zZe/aQW8=
github.com/gorilla/context v1.1.1/go.mod h1:kBGZzfjB9CEq2AlWe17Uuf7NDRt0dE0s8S51q0aT7Yg=
github.com/gorilla/mux v1.6.2 h1:Pgr17XVTNXAk3q/r4CpKzC5xBM/qW1uVLV+IhRZpIIk=
github.com/gorilla/mux v1.6.2/go.mod h1:1lud6UwP+6orDFRuTfBEV8e9/aOM/c4fVVCaMa2zaAs=
github.com/jinzhu/gorm v1.9.1 h1:lDSDtsCt5AGGSKTs8AHlSDbbgif4G4+CKJ8ETBDVHTA=
github.com/jinzhu/gorm v1.9.1/go.mod h1:Vla75njaFJ8clLU1W44h34PjIkijhjHIYnZxMqCdxqo=
github.com/jinzhu/inflection v0.0.0-20180308033659-04140366298a h1:eeaG9XMUvRBYXJi4pg1ZKM7nxc5AfXfojeLLW7O5J3k=
github.com/jinzhu/inflection v0.0.0-20180308033659-04140366298a/go.mod h1:h+uFLlag+Qp1Va5pdKtLDYj+kHp5pxUVkryuEj+Srlc=
github.com/karrick/godirwalk v1.7.3 h1:UP4CfXf1LfNwXrX6vqWf1DOhuiFRn2hXsqtRAQlQOUQ=
github.com/karrick/godirwalk v1.7.3/go.mod h1:2c9FRhkDxdIbgkOnCEvnSWs71Bhugbl46shStcFDJ34=
github.com/lib/pq v1.0.0 h1:X5PMW56eZitiTeO7tKzZxFCSpbFZJtkMMooicw2us9A=
github.com/lib/pq v1.0.0/go.mod h1:5WUZQaWbwv1U+lTReE5YruASi9Al49XbQIvNi/34Woo=
github.com/mattn/go-sqlite3 v1.9.0 h1:pDRiWfl+++eC2FEFRy6jXmQlvp4Yh3z1MJKg4UeYM/4=
github.com/mattn/go-sqlite3 v1.9.0/go.mod h1:FPy6KqzDD04eiIsT53CuJW3U88zkxoIYsOqkbpncsNc=
github.com/monochromegane/go-gitignore v0.0.0-20160105113617-38717d0a108c h1:RRUev95N3Gq4Aog4avFzXJA2V8fgXmND+cvcH7KLMyk=
github.com/monochromegane/go-gitignore v0.0.0-20160105113617-38717d0a108c/go.mod h1:Pm3mSP3c5uWn86xMLZ5Sa7JB9GsEZySvHYXCTK4E9q4=
github.com/pkg/errors v0.8.0 h1:WdK/asTD0HN+q6hsWO3/vpuAkAr+tw6aNJNDFFf0+qw=
github.com/pkg/errors v0.8.0/go.mod h1:bwawxfHBFNV+L2hUp1rHADufV3IMtnDRdf1r5NINEl0=
github.com/satori/go.uuid v1.2.0 h1:0uYX9dsZ2yD7q2RtLRtPSdGDWzjeM3TbMJP9utgA0ww=
github.com/satori/go.uuid v1.2.0/go.mod h1:dA0hQrYB0VpLJoorglMZABFdXlWrHn1NEOzdhQKdks0=
github.com/stripe/stripe-go v46.0.0+incompatible h1:FeS6R4IM5UKP8AinLCsw4on0PDlIKekx3/0vNjskiII=
github.com/stripe/stripe-go v46.0.0+incompatible/go.mod h1:A1dQZmO/QypXmsL0T8axYZkSN/uA/T/A64pfKdBAMiY=
github.com/t94j0/array v0.0.0-20180426153242-68930562a6bd h1:RXtQ+gpgNU68cTZDcDTiP3OvInFVPVV1H/KJDd4B6VE=
github.com/t94j0/array v0.0.0-20180426153242-68930562a6bd/go.mod h1:SApqaBuVRHQRjvoIbN++3aFXJjnWr0UkZM72QpvdFZA=
github.com/urfave/cli v1.20.0 h1:fDqGv3UG/4jbVl/QkFwEdddtEDjh/5Ov6X+0B/3bPaw=
github.com/urfave/cli v1.20.0/go.mod h1:70zkFmudgCuE/ngEzBv17Jvp/497gISqfk5gWijbERA=
golang.org/x/crypto v0.0.0-20180910181607-0e37d006457b h1:2b9XGzhjiYsYPnKXoEfL7klWZQIt8IfyRCz62gCqqlQ=
golang.org/x/crypto v0.0.0-20180910181607-0e37d006457b/go.mod h1:6SG95UA2DQfeDnfUPMdvaQW0Q7yPrPDi9nlGo2tz2b4=
golang.org/x/net v0.0.0-20180724234803-3673e40ba225 h1:kNX+jCowfMYzvlSvJu5pQWEmyWFrBXJ3PBy10xKMXK8=
golang.org/x/net v0.0.0-20180724234803-3673e40ba225/go.mod h1:mL1N/T3taQHkDXs73rZJwtUhF3w3ftmwwsq0BUmARs4=
golang.org/x/text v0.3.0 h1:g61tztE5qeGQ89tm6NTjjM9VPIm088od1l6aSorWRWg=
golang.org/x/text v0.3.0/go.mod h1:NqM8EUOU14njkJ3fqMW+pc6Ldnwhi/IjpwHt7yyuwOQ=
google.golang.org/appengine v1.2.0 h1:S0iUepdCWODXRvtE+gcRDd15L+k+k1AiHlMiMjefH24=
google.golang.org/appengine v1.2.0/go.mod h1:xpcJRLb0r/rnEns0DIKYYv+WjYCduHsrkT7/EB5XEv4=
